// !$*UTF8*$!
{
	archiveVersion = 1;
	classes = {
	};
	objectVersion = 46;
	objects = {

/* Begin PBXBuildFile section */
		019A95131CBA0C1900744661 /* LoginTestCase.swift in Sources */ = {isa = PBXBuildFile; fileRef = 019A95121CBA0C1900744661 /* LoginTestCase.swift */; };
		01E1F0351CBA46FD00820DA0 /* NewReplyController.swift in Sources */ = {isa = PBXBuildFile; fileRef = 01E1F0341CBA46FD00820DA0 /* NewReplyController.swift */; };
		01E1F0381CBA556100820DA0 /* PostTableViewCell.swift in Sources */ = {isa = PBXBuildFile; fileRef = 01E1F0371CBA556100820DA0 /* PostTableViewCell.swift */; };
		01E1F03A1CBA5EA700820DA0 /* Model.User.swift in Sources */ = {isa = PBXBuildFile; fileRef = 01E1F0391CBA5EA700820DA0 /* Model.User.swift */; };
		01E1F03C1CBA700300820DA0 /* ReplyTableViewCell.swift in Sources */ = {isa = PBXBuildFile; fileRef = 01E1F03B1CBA700300820DA0 /* ReplyTableViewCell.swift */; };
		01E56A0C1CAE32CA0062BD1D /* AppDelegate.swift in Sources */ = {isa = PBXBuildFile; fileRef = 01E56A0B1CAE32CA0062BD1D /* AppDelegate.swift */; };
		01E56A0E1CAE32CA0062BD1D /* HomeController.swift in Sources */ = {isa = PBXBuildFile; fileRef = 01E56A0D1CAE32CA0062BD1D /* HomeController.swift */; };
		01E56A111CAE32CA0062BD1D /* Main.storyboard in Resources */ = {isa = PBXBuildFile; fileRef = 01E56A0F1CAE32CA0062BD1D /* Main.storyboard */; };
		01E56A131CAE32CA0062BD1D /* Assets.xcassets in Resources */ = {isa = PBXBuildFile; fileRef = 01E56A121CAE32CA0062BD1D /* Assets.xcassets */; };
		01E56A161CAE32CA0062BD1D /* LaunchScreen.storyboard in Resources */ = {isa = PBXBuildFile; fileRef = 01E56A141CAE32CA0062BD1D /* LaunchScreen.storyboard */; };
		01F563191CAE34C0004216E2 /* OnboardController.swift in Sources */ = {isa = PBXBuildFile; fileRef = 01F563181CAE34C0004216E2 /* OnboardController.swift */; };
		01F5633B1CB241E1004216E2 /* Home.FollowsController.swift in Sources */ = {isa = PBXBuildFile; fileRef = 01F5633A1CB241E1004216E2 /* Home.FollowsController.swift */; };
		01F5633D1CB24218004216E2 /* Home.Following.swift in Sources */ = {isa = PBXBuildFile; fileRef = 01F5633C1CB24218004216E2 /* Home.Following.swift */; };
		01F5633F1CB242C8004216E2 /* Home.MeController.swift in Sources */ = {isa = PBXBuildFile; fileRef = 01F5633E1CB242C8004216E2 /* Home.MeController.swift */; };
		BA0C38741CB777AC0072721C /* UserDetailController.swift in Sources */ = {isa = PBXBuildFile; fileRef = BA0C38731CB777AC0072721C /* UserDetailController.swift */; };
		BA49589F1CB2217A00907E84 /* PostDetailController.swift in Sources */ = {isa = PBXBuildFile; fileRef = BA49589E1CB2217A00907E84 /* PostDetailController.swift */; };
		BA4958A11CB2226600907E84 /* Home.FeedController.swift in Sources */ = {isa = PBXBuildFile; fileRef = BA4958A01CB2226600907E84 /* Home.FeedController.swift */; };
		BA4958A41CB2238900907E84 /* Model.swift in Sources */ = {isa = PBXBuildFile; fileRef = BA4958A31CB2238900907E84 /* Model.swift */; };
		BA4958A61CB2239400907E84 /* User.swift in Sources */ = {isa = PBXBuildFile; fileRef = BA4958A51CB2239400907E84 /* User.swift */; };
		BA4958A81CB2240100907E84 /* Post.swift in Sources */ = {isa = PBXBuildFile; fileRef = BA4958A71CB2240100907E84 /* Post.swift */; };
		BA4958AA1CB2242300907E84 /* Reply.swift in Sources */ = {isa = PBXBuildFile; fileRef = BA4958A91CB2242300907E84 /* Reply.swift */; };
		BA4958AC1CB224A900907E84 /* Vote.swift in Sources */ = {isa = PBXBuildFile; fileRef = BA4958AB1CB224A900907E84 /* Vote.swift */; };
		BA4958AE1CB224B600907E84 /* Follow.swift in Sources */ = {isa = PBXBuildFile; fileRef = BA4958AD1CB224B600907E84 /* Follow.swift */; };
		BA8AF5691CB773F10038DAEE /* NewPostController.swift in Sources */ = {isa = PBXBuildFile; fileRef = BA8AF5681CB773F10038DAEE /* NewPostController.swift */; };
/* End PBXBuildFile section */

/* Begin PBXContainerItemProxy section */
		019A950D1CBA0A7F00744661 /* PBXContainerItemProxy */ = {
			isa = PBXContainerItemProxy;
			containerPortal = 01E56A001CAE32CA0062BD1D /* Project object */;
			proxyType = 1;
			remoteGlobalIDString = 01E56A071CAE32CA0062BD1D;
			remoteInfo = "iPhone Assignment";
		};
/* End PBXContainerItemProxy section */

/* Begin PBXFileReference section */
		019A95081CBA0A7F00744661 /* iPhone Assignment UITests.xctest */ = {isa = PBXFileReference; explicitFileType = wrapper.cfbundle; includeInIndex = 0; path = "iPhone Assignment UITests.xctest"; sourceTree = BUILT_PRODUCTS_DIR; };
		019A950C1CBA0A7F00744661 /* Info.plist */ = {isa = PBXFileReference; lastKnownFileType = text.plist.xml; path = Info.plist; sourceTree = "<group>"; };
		019A95121CBA0C1900744661 /* LoginTestCase.swift */ = {isa = PBXFileReference; fileEncoding = 4; lastKnownFileType = sourcecode.swift; path = LoginTestCase.swift; sourceTree = "<group>"; };
		01E1F0341CBA46FD00820DA0 /* NewReplyController.swift */ = {isa = PBXFileReference; fileEncoding = 4; lastKnownFileType = sourcecode.swift; path = NewReplyController.swift; sourceTree = "<group>"; };
		01E1F0371CBA556100820DA0 /* PostTableViewCell.swift */ = {isa = PBXFileReference; fileEncoding = 4; lastKnownFileType = sourcecode.swift; path = PostTableViewCell.swift; sourceTree = "<group>"; };
		01E1F0391CBA5EA700820DA0 /* Model.User.swift */ = {isa = PBXFileReference; fileEncoding = 4; lastKnownFileType = sourcecode.swift; path = Model.User.swift; sourceTree = "<group>"; };
		01E1F03B1CBA700300820DA0 /* ReplyTableViewCell.swift */ = {isa = PBXFileReference; fileEncoding = 4; lastKnownFileType = sourcecode.swift; path = ReplyTableViewCell.swift; sourceTree = "<group>"; };
		01E56A081CAE32CA0062BD1D /* iPhone Assignment.app */ = {isa = PBXFileReference; explicitFileType = wrapper.application; includeInIndex = 0; path = "iPhone Assignment.app"; sourceTree = BUILT_PRODUCTS_DIR; };
		01E56A0B1CAE32CA0062BD1D /* AppDelegate.swift */ = {isa = PBXFileReference; lastKnownFileType = sourcecode.swift; path = AppDelegate.swift; sourceTree = "<group>"; };
		01E56A0D1CAE32CA0062BD1D /* HomeController.swift */ = {isa = PBXFileReference; lastKnownFileType = sourcecode.swift; path = HomeController.swift; sourceTree = "<group>"; };
		01E56A101CAE32CA0062BD1D /* Base */ = {isa = PBXFileReference; lastKnownFileType = file.storyboard; name = Base; path = Base.lproj/Main.storyboard; sourceTree = "<group>"; };
		01E56A121CAE32CA0062BD1D /* Assets.xcassets */ = {isa = PBXFileReference; lastKnownFileType = folder.assetcatalog; path = Assets.xcassets; sourceTree = "<group>"; };
		01E56A151CAE32CA0062BD1D /* Base */ = {isa = PBXFileReference; lastKnownFileType = file.storyboard; name = Base; path = Base.lproj/LaunchScreen.storyboard; sourceTree = "<group>"; };
		01E56A171CAE32CA0062BD1D /* Info.plist */ = {isa = PBXFileReference; lastKnownFileType = text.plist.xml; path = Info.plist; sourceTree = "<group>"; };
		01F563181CAE34C0004216E2 /* OnboardController.swift */ = {isa = PBXFileReference; fileEncoding = 4; lastKnownFileType = sourcecode.swift; path = OnboardController.swift; sourceTree = "<group>"; };
		01F5633A1CB241E1004216E2 /* Home.FollowsController.swift */ = {isa = PBXFileReference; fileEncoding = 4; lastKnownFileType = sourcecode.swift; path = Home.FollowsController.swift; sourceTree = "<group>"; };
		01F5633C1CB24218004216E2 /* Home.Following.swift */ = {isa = PBXFileReference; fileEncoding = 4; lastKnownFileType = sourcecode.swift; path = Home.Following.swift; sourceTree = "<group>"; };
		01F5633E1CB242C8004216E2 /* Home.MeController.swift */ = {isa = PBXFileReference; fileEncoding = 4; lastKnownFileType = sourcecode.swift; path = Home.MeController.swift; sourceTree = "<group>"; };
		BA0C38731CB777AC0072721C /* UserDetailController.swift */ = {isa = PBXFileReference; fileEncoding = 4; lastKnownFileType = sourcecode.swift; path = UserDetailController.swift; sourceTree = "<group>"; };
		BA49589E1CB2217A00907E84 /* PostDetailController.swift */ = {isa = PBXFileReference; fileEncoding = 4; lastKnownFileType = sourcecode.swift; path = PostDetailController.swift; sourceTree = "<group>"; };
		BA4958A01CB2226600907E84 /* Home.FeedController.swift */ = {isa = PBXFileReference; fileEncoding = 4; lastKnownFileType = sourcecode.swift; path = Home.FeedController.swift; sourceTree = "<group>"; };
		BA4958A31CB2238900907E84 /* Model.swift */ = {isa = PBXFileReference; fileEncoding = 4; lastKnownFileType = sourcecode.swift; path = Model.swift; sourceTree = "<group>"; };
		BA4958A51CB2239400907E84 /* User.swift */ = {isa = PBXFileReference; fileEncoding = 4; lastKnownFileType = sourcecode.swift; path = User.swift; sourceTree = "<group>"; };
		BA4958A71CB2240100907E84 /* Post.swift */ = {isa = PBXFileReference; fileEncoding = 4; lastKnownFileType = sourcecode.swift; path = Post.swift; sourceTree = "<group>"; };
		BA4958A91CB2242300907E84 /* Reply.swift */ = {isa = PBXFileReference; fileEncoding = 4; lastKnownFileType = sourcecode.swift; path = Reply.swift; sourceTree = "<group>"; };
		BA4958AB1CB224A900907E84 /* Vote.swift */ = {isa = PBXFileReference; fileEncoding = 4; lastKnownFileType = sourcecode.swift; path = Vote.swift; sourceTree = "<group>"; };
		BA4958AD1CB224B600907E84 /* Follow.swift */ = {isa = PBXFileReference; fileEncoding = 4; lastKnownFileType = sourcecode.swift; path = Follow.swift; sourceTree = "<group>"; };
		BA8AF5681CB773F10038DAEE /* NewPostController.swift */ = {isa = PBXFileReference; fileEncoding = 4; lastKnownFileType = sourcecode.swift; path = NewPostController.swift; sourceTree = "<group>"; };
/* End PBXFileReference section */

/* Begin PBXFrameworksBuildPhase section */
		019A95051CBA0A7F00744661 /* Frameworks */ = {
			isa = PBXFrameworksBuildPhase;
			buildActionMask = 2147483647;
			files = (
			);
			runOnlyForDeploymentPostprocessing = 0;
		};
		01E56A051CAE32CA0062BD1D /* Frameworks */ = {
			isa = PBXFrameworksBuildPhase;
			buildActionMask = 2147483647;
			files = (
			);
			runOnlyForDeploymentPostprocessing = 0;
		};
/* End PBXFrameworksBuildPhase section */

/* Begin PBXGroup section */
		019A95091CBA0A7F00744661 /* iPhone Assignment UITests */ = {
			isa = PBXGroup;
			children = (
				019A95121CBA0C1900744661 /* LoginTestCase.swift */,
				019A950C1CBA0A7F00744661 /* Info.plist */,
			);
			path = "iPhone Assignment UITests";
			sourceTree = "<group>";
		};
		01E1F0361CBA550000820DA0 /* View */ = {
			isa = PBXGroup;
			children = (
				01E1F0371CBA556100820DA0 /* PostTableViewCell.swift */,
				01E1F03B1CBA700300820DA0 /* ReplyTableViewCell.swift */,
			);
			name = View;
			sourceTree = "<group>";
		};
		01E569FF1CAE32CA0062BD1D = {
			isa = PBXGroup;
			children = (
				01E56A0A1CAE32CA0062BD1D /* iPhone Assignment */,
				019A95091CBA0A7F00744661 /* iPhone Assignment UITests */,
				01E56A091CAE32CA0062BD1D /* Products */,
			);
			sourceTree = "<group>";
		};
		01E56A091CAE32CA0062BD1D /* Products */ = {
			isa = PBXGroup;
			children = (
				01E56A081CAE32CA0062BD1D /* iPhone Assignment.app */,
				019A95081CBA0A7F00744661 /* iPhone Assignment UITests.xctest */,
			);
			name = Products;
			sourceTree = "<group>";
		};
		01E56A0A1CAE32CA0062BD1D /* iPhone Assignment */ = {
			isa = PBXGroup;
			children = (
				01E1F0361CBA550000820DA0 /* View */,
				BA4958A21CB2236F00907E84 /* Model */,
				01F563171CAE3455004216E2 /* Controller */,
				01E56A0B1CAE32CA0062BD1D /* AppDelegate.swift */,
				01E56A0F1CAE32CA0062BD1D /* Main.storyboard */,
				01E56A121CAE32CA0062BD1D /* Assets.xcassets */,
				01E56A141CAE32CA0062BD1D /* LaunchScreen.storyboard */,
				01E56A171CAE32CA0062BD1D /* Info.plist */,
			);
			path = "iPhone Assignment";
			sourceTree = "<group>";
		};
		01F563171CAE3455004216E2 /* Controller */ = {
			isa = PBXGroup;
			children = (
				01E56A0D1CAE32CA0062BD1D /* HomeController.swift */,
				01F563181CAE34C0004216E2 /* OnboardController.swift */,
				BA49589E1CB2217A00907E84 /* PostDetailController.swift */,
				BA4958A01CB2226600907E84 /* Home.FeedController.swift */,
				01F5633A1CB241E1004216E2 /* Home.FollowsController.swift */,
				01F5633C1CB24218004216E2 /* Home.Following.swift */,
				01F5633E1CB242C8004216E2 /* Home.MeController.swift */,
				BA8AF5681CB773F10038DAEE /* NewPostController.swift */,
				BA0C38731CB777AC0072721C /* UserDetailController.swift */,
				01E1F0341CBA46FD00820DA0 /* NewReplyController.swift */,
			);
			name = Controller;
			sourceTree = "<group>";
		};
		BA4958A21CB2236F00907E84 /* Model */ = {
			isa = PBXGroup;
			children = (
				BA4958A31CB2238900907E84 /* Model.swift */,
				01E1F0391CBA5EA700820DA0 /* Model.User.swift */,
				BA4958A51CB2239400907E84 /* User.swift */,
				BA4958A71CB2240100907E84 /* Post.swift */,
				BA4958A91CB2242300907E84 /* Reply.swift */,
				BA4958AB1CB224A900907E84 /* Vote.swift */,
				BA4958AD1CB224B600907E84 /* Follow.swift */,
			);
			name = Model;
			sourceTree = "<group>";
		};
/* End PBXGroup section */

/* Begin PBXNativeTarget section */
		019A95071CBA0A7F00744661 /* iPhone Assignment UITests */ = {
			isa = PBXNativeTarget;
			buildConfigurationList = 019A950F1CBA0A7F00744661 /* Build configuration list for PBXNativeTarget "iPhone Assignment UITests" */;
			buildPhases = (
				019A95041CBA0A7F00744661 /* Sources */,
				019A95051CBA0A7F00744661 /* Frameworks */,
				019A95061CBA0A7F00744661 /* Resources */,
			);
			buildRules = (
			);
			dependencies = (
				019A950E1CBA0A7F00744661 /* PBXTargetDependency */,
			);
			name = "iPhone Assignment UITests";
			productName = "iPhone Assignment UITests";
			productReference = 019A95081CBA0A7F00744661 /* iPhone Assignment UITests.xctest */;
			productType = "com.apple.product-type.bundle.ui-testing";
		};
		01E56A071CAE32CA0062BD1D /* iPhone Assignment */ = {
			isa = PBXNativeTarget;
			buildConfigurationList = 01E56A1A1CAE32CA0062BD1D /* Build configuration list for PBXNativeTarget "iPhone Assignment" */;
			buildPhases = (
				01E56A041CAE32CA0062BD1D /* Sources */,
				01E56A051CAE32CA0062BD1D /* Frameworks */,
				01E56A061CAE32CA0062BD1D /* Resources */,
			);
			buildRules = (
			);
			dependencies = (
			);
			name = "iPhone Assignment";
			productName = "iPhone Assignment";
			productReference = 01E56A081CAE32CA0062BD1D /* iPhone Assignment.app */;
			productType = "com.apple.product-type.application";
		};
/* End PBXNativeTarget section */

/* Begin PBXProject section */
		01E56A001CAE32CA0062BD1D /* Project object */ = {
			isa = PBXProject;
			attributes = {
				LastSwiftUpdateCheck = 0720;
				LastUpgradeCheck = 0720;
				ORGANIZATIONNAME = "Nicholas Amor";
				TargetAttributes = {
					019A95071CBA0A7F00744661 = {
						CreatedOnToolsVersion = 7.2.1;
						DevelopmentTeam = 6XW45JCTV5;
						TestTargetID = 01E56A071CAE32CA0062BD1D;
					};
					01E56A071CAE32CA0062BD1D = {
						CreatedOnToolsVersion = 7.2.1;
						DevelopmentTeam = 6XW45JCTV5;
					};
				};
			};
			buildConfigurationList = 01E56A031CAE32CA0062BD1D /* Build configuration list for PBXProject "iPhone Assignment" */;
			compatibilityVersion = "Xcode 3.2";
			developmentRegion = English;
			hasScannedForEncodings = 0;
			knownRegions = (
				en,
				Base,
			);
			mainGroup = 01E569FF1CAE32CA0062BD1D;
			productRefGroup = 01E56A091CAE32CA0062BD1D /* Products */;
			projectDirPath = "";
			projectRoot = "";
			targets = (
				01E56A071CAE32CA0062BD1D /* iPhone Assignment */,
				019A95071CBA0A7F00744661 /* iPhone Assignment UITests */,
			);
		};
/* End PBXProject section */

/* Begin PBXResourcesBuildPhase section */
		019A95061CBA0A7F00744661 /* Resources */ = {
			isa = PBXResourcesBuildPhase;
			buildActionMask = 2147483647;
			files = (
			);
			runOnlyForDeploymentPostprocessing = 0;
		};
		01E56A061CAE32CA0062BD1D /* Resources */ = {
			isa = PBXResourcesBuildPhase;
			buildActionMask = 2147483647;
			files = (
				01E56A161CAE32CA0062BD1D /* LaunchScreen.storyboard in Resources */,
				01E56A131CAE32CA0062BD1D /* Assets.xcassets in Resources */,
				01E56A111CAE32CA0062BD1D /* Main.storyboard in Resources */,
			);
			runOnlyForDeploymentPostprocessing = 0;
		};
/* End PBXResourcesBuildPhase section */

/* Begin PBXSourcesBuildPhase section */
		019A95041CBA0A7F00744661 /* Sources */ = {
			isa = PBXSourcesBuildPhase;
			buildActionMask = 2147483647;
			files = (
				019A95131CBA0C1900744661 /* LoginTestCase.swift in Sources */,
			);
			runOnlyForDeploymentPostprocessing = 0;
		};
		01E56A041CAE32CA0062BD1D /* Sources */ = {
			isa = PBXSourcesBuildPhase;
			buildActionMask = 2147483647;
			files = (
				BA4958AA1CB2242300907E84 /* Reply.swift in Sources */,
				BA4958AC1CB224A900907E84 /* Vote.swift in Sources */,
				01E56A0E1CAE32CA0062BD1D /* HomeController.swift in Sources */,
				BA49589F1CB2217A00907E84 /* PostDetailController.swift in Sources */,
				01F5633B1CB241E1004216E2 /* Home.FollowsController.swift in Sources */,
				01E56A0C1CAE32CA0062BD1D /* AppDelegate.swift in Sources */,
				01F5633D1CB24218004216E2 /* Home.Following.swift in Sources */,
				BA4958A81CB2240100907E84 /* Post.swift in Sources */,
				BA8AF5691CB773F10038DAEE /* NewPostController.swift in Sources */,
				01E1F03A1CBA5EA700820DA0 /* Model.User.swift in Sources */,
				01E1F0351CBA46FD00820DA0 /* NewReplyController.swift in Sources */,
				BA4958A41CB2238900907E84 /* Model.swift in Sources */,
				BA4958AE1CB224B600907E84 /* Follow.swift in Sources */,
				BA0C38741CB777AC0072721C /* UserDetailController.swift in Sources */,
				BA4958A11CB2226600907E84 /* Home.FeedController.swift in Sources */,
				01F563191CAE34C0004216E2 /* OnboardController.swift in Sources */,
				BA4958A61CB2239400907E84 /* User.swift in Sources */,
				01F5633F1CB242C8004216E2 /* Home.MeController.swift in Sources */,
				01E1F03C1CBA700300820DA0 /* ReplyTableViewCell.swift in Sources */,
				01E1F0381CBA556100820DA0 /* PostTableViewCell.swift in Sources */,
			);
			runOnlyForDeploymentPostprocessing = 0;
		};
/* End PBXSourcesBuildPhase section */

/* Begin PBXTargetDependency section */
		019A950E1CBA0A7F00744661 /* PBXTargetDependency */ = {
			isa = PBXTargetDependency;
			target = 01E56A071CAE32CA0062BD1D /* iPhone Assignment */;
			targetProxy = 019A950D1CBA0A7F00744661 /* PBXContainerItemProxy */;
		};
/* End PBXTargetDependency section */

/* Begin PBXVariantGroup section */
		01E56A0F1CAE32CA0062BD1D /* Main.storyboard */ = {
			isa = PBXVariantGroup;
			children = (
				01E56A101CAE32CA0062BD1D /* Base */,
			);
			name = Main.storyboard;
			sourceTree = "<group>";
		};
		01E56A141CAE32CA0062BD1D /* LaunchScreen.storyboard */ = {
			isa = PBXVariantGroup;
			children = (
				01E56A151CAE32CA0062BD1D /* Base */,
			);
			name = LaunchScreen.storyboard;
			sourceTree = "<group>";
		};
/* End PBXVariantGroup section */

/* Begin XCBuildConfiguration section */
		019A95101CBA0A7F00744661 /* Debug */ = {
			isa = XCBuildConfiguration;
			buildSettings = {
				INFOPLIST_FILE = "iPhone Assignment UITests/Info.plist";
				LD_RUNPATH_SEARCH_PATHS = "$(inherited) @executable_path/Frameworks @loader_path/Frameworks";
				PRODUCT_BUNDLE_IDENTIFIER = "au.edu.rmit.student-s3240873.iPhone-Assignment-UITests";
				PRODUCT_NAME = "$(TARGET_NAME)";
				TEST_TARGET_NAME = "iPhone Assignment";
				USES_XCTRUNNER = YES;
			};
			name = Debug;
		};
		019A95111CBA0A7F00744661 /* Release */ = {
			isa = XCBuildConfiguration;
			buildSettings = {
				INFOPLIST_FILE = "iPhone Assignment UITests/Info.plist";
				LD_RUNPATH_SEARCH_PATHS = "$(inherited) @executable_path/Frameworks @loader_path/Frameworks";
				PRODUCT_BUNDLE_IDENTIFIER = "au.edu.rmit.student-s3240873.iPhone-Assignment-UITests";
				PRODUCT_NAME = "$(TARGET_NAME)";
				TEST_TARGET_NAME = "iPhone Assignment";
				USES_XCTRUNNER = YES;
			};
			name = Release;
		};
		01E56A181CAE32CA0062BD1D /* Debug */ = {
			isa = XCBuildConfiguration;
			buildSettings = {
				ALWAYS_SEARCH_USER_PATHS = NO;
				CLANG_CXX_LANGUAGE_STANDARD = "gnu++0x";
				CLANG_CXX_LIBRARY = "libc++";
				CLANG_ENABLE_MODULES = YES;
				CLANG_ENABLE_OBJC_ARC = YES;
				CLANG_WARN_BOOL_CONVERSION = YES;
				CLANG_WARN_CONSTANT_CONVERSION = YES;
				CLANG_WARN_DIRECT_OBJC_ISA_USAGE = YES_ERROR;
				CLANG_WARN_EMPTY_BODY = YES;
				CLANG_WARN_ENUM_CONVERSION = YES;
				CLANG_WARN_INT_CONVERSION = YES;
				CLANG_WARN_OBJC_ROOT_CLASS = YES_ERROR;
				CLANG_WARN_UNREACHABLE_CODE = YES;
				CLANG_WARN__DUPLICATE_METHOD_MATCH = YES;
				"CODE_SIGN_IDENTITY[sdk=iphoneos*]" = "iPhone Developer";
				COPY_PHASE_STRIP = NO;
				DEBUG_INFORMATION_FORMAT = dwarf;
				ENABLE_STRICT_OBJC_MSGSEND = YES;
				ENABLE_TESTABILITY = YES;
				GCC_C_LANGUAGE_STANDARD = gnu99;
				GCC_DYNAMIC_NO_PIC = NO;
				GCC_NO_COMMON_BLOCKS = YES;
				GCC_OPTIMIZATION_LEVEL = 0;
				GCC_PREPROCESSOR_DEFINITIONS = (
					"DEBUG=1",
					"$(inherited)",
				);
				GCC_WARN_64_TO_32_BIT_CONVERSION = YES;
				GCC_WARN_ABOUT_RETURN_TYPE = YES_ERROR;
				GCC_WARN_UNDECLARED_SELECTOR = YES;
				GCC_WARN_UNINITIALIZED_AUTOS = YES_AGGRESSIVE;
				GCC_WARN_UNUSED_FUNCTION = YES;
				GCC_WARN_UNUSED_VARIABLE = YES;
				IPHONEOS_DEPLOYMENT_TARGET = 9.2;
				MTL_ENABLE_DEBUG_INFO = YES;
				ONLY_ACTIVE_ARCH = YES;
				SDKROOT = iphoneos;
				SWIFT_OPTIMIZATION_LEVEL = "-Onone";
				TARGETED_DEVICE_FAMILY = "1,2";
			};
			name = Debug;
		};
		01E56A191CAE32CA0062BD1D /* Release */ = {
			isa = XCBuildConfiguration;
			buildSettings = {
				ALWAYS_SEARCH_USER_PATHS = NO;
				CLANG_CXX_LANGUAGE_STANDARD = "gnu++0x";
				CLANG_CXX_LIBRARY = "libc++";
				CLANG_ENABLE_MODULES = YES;
				CLANG_ENABLE_OBJC_ARC = YES;
				CLANG_WARN_BOOL_CONVERSION = YES;
				CLANG_WARN_CONSTANT_CONVERSION = YES;
				CLANG_WARN_DIRECT_OBJC_ISA_USAGE = YES_ERROR;
				CLANG_WARN_EMPTY_BODY = YES;
				CLANG_WARN_ENUM_CONVERSION = YES;
				CLANG_WARN_INT_CONVERSION = YES;
				CLANG_WARN_OBJC_ROOT_CLASS = YES_ERROR;
				CLANG_WARN_UNREACHABLE_CODE = YES;
				CLANG_WARN__DUPLICATE_METHOD_MATCH = YES;
				"CODE_SIGN_IDENTITY[sdk=iphoneos*]" = "iPhone Developer";
				COPY_PHASE_STRIP = NO;
				DEBUG_INFORMATION_FORMAT = "dwarf-with-dsym";
				ENABLE_NS_ASSERTIONS = NO;
				ENABLE_STRICT_OBJC_MSGSEND = YES;
				GCC_C_LANGUAGE_STANDARD = gnu99;
				GCC_NO_COMMON_BLOCKS = YES;
				GCC_WARN_64_TO_32_BIT_CONVERSION = YES;
				GCC_WARN_ABOUT_RETURN_TYPE = YES_ERROR;
				GCC_WARN_UNDECLARED_SELECTOR = YES;
				GCC_WARN_UNINITIALIZED_AUTOS = YES_AGGRESSIVE;
				GCC_WARN_UNUSED_FUNCTION = YES;
				GCC_WARN_UNUSED_VARIABLE = YES;
				IPHONEOS_DEPLOYMENT_TARGET = 9.2;
				MTL_ENABLE_DEBUG_INFO = NO;
				SDKROOT = iphoneos;
				TARGETED_DEVICE_FAMILY = "1,2";
				VALIDATE_PRODUCT = YES;
			};
			name = Release;
		};
		01E56A1B1CAE32CA0062BD1D /* Debug */ = {
			isa = XCBuildConfiguration;
			buildSettings = {
				ASSETCATALOG_COMPILER_APPICON_NAME = AppIcon;
				INFOPLIST_FILE = "iPhone Assignment/Info.plist";
				LD_RUNPATH_SEARCH_PATHS = "$(inherited) @executable_path/Frameworks";
				PRODUCT_BUNDLE_IDENTIFIER = "au.edu.rmit.student-s3240873.iPhone-Assignment";
				PRODUCT_NAME = "$(TARGET_NAME)";
			};
			name = Debug;
		};
		01E56A1C1CAE32CA0062BD1D /* Release */ = {
			isa = XCBuildConfiguration;
			buildSettings = {
				ASSETCATALOG_COMPILER_APPICON_NAME = AppIcon;
				INFOPLIST_FILE = "iPhone Assignment/Info.plist";
				LD_RUNPATH_SEARCH_PATHS = "$(inherited) @executable_path/Frameworks";
				PRODUCT_BUNDLE_IDENTIFIER = "au.edu.rmit.student-s3240873.iPhone-Assignment";
				PRODUCT_NAME = "$(TARGET_NAME)";
			};
			name = Release;
		};
/* End XCBuildConfiguration section */

/* Begin XCConfigurationList section */
		019A950F1CBA0A7F00744661 /* Build configuration list for PBXNativeTarget "iPhone Assignment UITests" */ = {
			isa = XCConfigurationList;
			buildConfigurations = (
				019A95101CBA0A7F00744661 /* Debug */,
				019A95111CBA0A7F00744661 /* Release */,
			);
			defaultConfigurationIsVisible = 0;
			defaultConfigurationName = Release;
		};
		01E56A031CAE32CA0062BD1D /* Build configuration list for PBXProject "iPhone Assignment" */ = {
			isa = XCConfigurationList;
			buildConfigurations = (
				01E56A181CAE32CA0062BD1D /* Debug */,
				01E56A191CAE32CA0062BD1D /* Release */,
			);
			defaultConfigurationIsVisible = 0;
			defaultConfigurationName = Release;
		};
		01E56A1A1CAE32CA0062BD1D /* Build configuration list for PBXNativeTarget "iPhone Assignment" */ = {
			isa = XCConfigurationList;
			buildConfigurations = (
				01E56A1B1CAE32CA0062BD1D /* Debug */,
				01E56A1C1CAE32CA0062BD1D /* Release */,
			);
			defaultConfigurationIsVisible = 0;
			defaultConfigurationName = Release;
		};
/* End XCConfigurationList section */
	};
	rootObject = 01E56A001CAE32CA0062BD1D /* Project object */;
}
